
Microsoft Visual Studio Solution File, Format Version 10.00
# Visual Studio 2008
Project("{FAE04EC0-301F-11D3-BF4B-00C04F79EFBC}") = "GradView.Library", "GradView.Library\GradView.Library.csproj", "{645375F5-DD70-4FF5-93CD-2C8DB29190AA}"
EndProject
Project("{FAE04EC0-301F-11D3-BF4B-00C04F79EFBC}") = "GradView.WebApp", "GradView.WebApp\GradView.WebApp.csproj", "{1122B662-5CEB-4F5E-B68D-F39669E1C7C7}"
EndProject
Global
	GlobalSection(SolutionConfigurationPlatforms) = preSolution
		Debug|Any CPU = Debug|Any CPU
		Release|Any CPU = Release|Any CPU
	EndGlobalSection
	GlobalSection(ProjectConfigurationPlatforms) = postSolution
		{645375F5-DD70-4FF5-93CD-2C8DB29190AA}.Debug|Any CPU.ActiveCfg = Debug|Any CPU
		{645375F5-DD70-4FF5-93CD-2C8DB29190AA}.Debug|Any CPU.Build.0 = Debug|Any CPU
		{645375F5-DD70-4FF5-93CD-2C8DB29190AA}.Release|Any CPU.ActiveCfg = Release|Any CPU
		{645375F5-DD70-4FF5-93CD-2C8DB29190AA}.Release|Any CPU.Build.0 = Release|Any CPU
		{1122B662-5CEB-4F5E-B68D-F39669E1C7C7}.Debug|Any CPU.ActiveCfg = Debug|Any CPU
		{1122B662-5CEB-4F5E-B68D-F39669E1C7C7}.Debug|Any CPU.Build.0 = Debug|Any CPU
		{1122B662-5CEB-4F5E-B68D-F39669E1C7C7}.Release|Any CPU.ActiveCfg = Release|Any CPU
		{1122B662-5CEB-4F5E-B68D-F39669E1C7C7}.Release|Any CPU.Build.0 = Release|Any CPU
	EndGlobalSection
	GlobalSection(SolutionProperties) = preSolution
		HideSolutionNode = FALSE
	EndGlobalSection
EndGlobal
